
Microsoft Visual Studio Solution File, Format Version 12.00
# Visual Studio Version 17
VisualStudioVersion = 17.6.33829.357
MinimumVisualStudioVersion = 10.0.40219.1
Project("{FAE04EC0-301F-11D3-BF4B-00C04F79EFBC}") = "Examenation", "Examenation.csproj", "{95EF0B47-04A2-4962-A0DF-905E29A78E54}"
EndProject
Global
	GlobalSection(SolutionConfigurationPlatforms) = preSolution
		Debug|Any CPU = Debug|Any CPU
		Release|Any CPU = Release|Any CPU
	EndGlobalSection
	GlobalSection(ProjectConfigurationPlatforms) = postSolution
		{95EF0B47-04A2-4962-A0DF-905E29A78E54}.Debug|Any CPU.ActiveCfg = Debug|Any CPU
		{95EF0B47-04A2-4962-A0DF-905E29A78E54}.Debug|Any CPU.Build.0 = Debug|Any CPU
		{95EF0B47-04A2-4962-A0DF-905E29A78E54}.Release|Any CPU.ActiveCfg = Release|Any CPU
		{95EF0B47-04A2-4962-A0DF-905E29A78E54}.Release|Any CPU.Build.0 = Release|Any CPU
	EndGlobalSection
	GlobalSection(SolutionProperties) = preSolution
		HideSolutionNode = FALSE
	EndGlobalSection
	GlobalSection(ExtensibilityGlobals) = postSolution
		SolutionGuid = {4F1B406A-B4A6-4E36-970D-31A31FCE8E89}
	EndGlobalSection
EndGlobal
